
Microsoft Visual Studio Solution File, Format Version 12.00
# Visual Studio Version 17
VisualStudioVersion = 17.0.32014.148
MinimumVisualStudioVersion = 10.0.40219.1
Project("{9A19103F-16F7-4668-BE54-9A1E7A4F7556}") = "CompilerTests", "CompilerTests\CompilerTests.csproj", "{FCC0D7E5-725C-4A7F-BA04-44CC726ABE3D}"
EndProject
Project("{9A19103F-16F7-4668-BE54-9A1E7A4F7556}") = "TungstenCompiler", "TungstenCompiler\TungstenCompiler.csproj", "{6060E58A-67D1-43BB-897A-06AEC334FA23}"
EndProject
Global
	GlobalSection(SolutionConfigurationPlatforms) = preSolution
		Debug|Any CPU = Debug|Any CPU
		Release|Any CPU = Release|Any CPU
	EndGlobalSection
	GlobalSection(ProjectConfigurationPlatforms) = postSolution
		{FCC0D7E5-725C-4A7F-BA04-44CC726ABE3D}.Debug|Any CPU.ActiveCfg = Debug|Any CPU
		{FCC0D7E5-725C-4A7F-BA04-44CC726ABE3D}.Debug|Any CPU.Build.0 = Debug|Any CPU
		{FCC0D7E5-725C-4A7F-BA04-44CC726ABE3D}.Release|Any CPU.ActiveCfg = Release|Any CPU
		{FCC0D7E5-725C-4A7F-BA04-44CC726ABE3D}.Release|Any CPU.Build.0 = Release|Any CPU
		{6060E58A-67D1-43BB-897A-06AEC334FA23}.Debug|Any CPU.ActiveCfg = Debug|Any CPU
		{6060E58A-67D1-43BB-897A-06AEC334FA23}.Debug|Any CPU.Build.0 = Debug|Any CPU
		{6060E58A-67D1-43BB-897A-06AEC334FA23}.Release|Any CPU.ActiveCfg = Release|Any CPU
		{6060E58A-67D1-43BB-897A-06AEC334FA23}.Release|Any CPU.Build.0 = Release|Any CPU
	EndGlobalSection
	GlobalSection(SolutionProperties) = preSolution
		HideSolutionNode = FALSE
	EndGlobalSection
	GlobalSection(ExtensibilityGlobals) = postSolution
		SolutionGuid = {2359CD23-1B85-49CD-9842-9968798B94F7}
	EndGlobalSection
EndGlobal
